go.foxforensics.eu/go-mmap v1.0.0 h1:0rpRaoAF0DnqN07Hkd+JQref28fdCOrX6wQEALHgMpg=
go.foxforensics.eu/go-mmap v1.0.0/go.mod h1:NACaG/H+bLx5IMVTQfmqTHm4DYMZj4MIvc8Lwm6iVwY=
golang.org/x/sys v0.48.0 h1:bbX/i/6MgT9BVLM9RT1thmxL04yeTAhbEz4SyadbXoo=
golang.org/x/sys v0.48.0/go.mod h1:hNLxWAXmnKAxqDtdwIYC4bM9oQPEecfsnNMuSxOs3og=
